
Microsoft Visual Studio Solution File, Format Version 12.00
# Visual Studio Version 17
VisualStudioVersion = 17.14.36603.0 d17.14
MinimumVisualStudioVersion = 10.0.40219.1
Project("{FAE04EC0-301F-11D3-BF4B-00C04F79EFBC}") = "FinanceTracker", "FinanceTracker\FinanceTracker.csproj", "{AEE50CFE-F4E6-4CF5-B7AC-63C7472C467A}"
EndProject
Global
	GlobalSection(SolutionConfigurationPlatforms) = preSolution
		Debug|Any CPU = Debug|Any CPU
		Release|Any CPU = Release|Any CPU
	EndGlobalSection
	GlobalSection(ProjectConfigurationPlatforms) = postSolution
		{AEE50CFE-F4E6-4CF5-B7AC-63C7472C467A}.Debug|Any CPU.ActiveCfg = Debug|Any CPU
		{AEE50CFE-F4E6-4CF5-B7AC-63C7472C467A}.Debug|Any CPU.Build.0 = Debug|Any CPU
		{AEE50CFE-F4E6-4CF5-B7AC-63C7472C467A}.Release|Any CPU.ActiveCfg = Release|Any CPU
		{AEE50CFE-F4E6-4CF5-B7AC-63C7472C467A}.Release|Any CPU.Build.0 = Release|Any CPU
	EndGlobalSection
	GlobalSection(SolutionProperties) = preSolution
		HideSolutionNode = FALSE
	EndGlobalSection
	GlobalSection(ExtensibilityGlobals) = postSolution
		SolutionGuid = {1C890BD0-5CC0-42B8-8D0C-1D025DE78531}
	EndGlobalSection
EndGlobal
